{
  "object": {
    "pins": [
      {
        "package": "HaplarUI",
        "repositoryURL": "https://github.com/TrabelsiAchraf/HaplarUI",
        "state": {
          "branch": null,
          "revision": "17108fd258754ac53c352e3e36738c1ea0f3154a",
          "version": "0.1.7"
        }
      }
    ]
  },
  "version": 1
}
