{
  "object": {
    "pins": [
      {
        "package": "HaplarUI",
        "repositoryURL": "https://github.com/TrabelsiAchraf/HaplarUI.git",
        "state": {
          "branch": null,
          "revision": "837f1c95584b0d057fd73a7b418aaa70fbcef2e5",
          "version": "0.1.1"
        }
      }
    ]
  },
  "version": 1
}
