{
  "object": {
    "pins": [
      {
        "package": "UIHaplarKit",
        "repositoryURL": "https://github.com/TrabelsiAchraf/UIHaplarKit",
        "state": {
          "branch": "master",
          "revision": "8a95e2149e9e9a983cfa9a392230e003be9b4585",
          "version": null
        }
      }
    ]
  },
  "version": 1
}
