// !$*UTF8*$!
{
	archiveVersion = 1;
	classes = {
	};
	objectVersion = 52;
	objects = {

/* Begin PBXBuildFile section */
		161B78A825D322A3007E21B6 /* Preview Assets.xcassets in Resources */ = {isa = PBXBuildFile; fileRef = 161B78A725D322A3007E21B6 /* Preview Assets.xcassets */; };
		161B78BE25D322A3007E21B6 /* HaplarUITests.swift in Sources */ = {isa = PBXBuildFile; fileRef = 161B78BD25D322A3007E21B6 /* HaplarUITests.swift */; };
		1625C55625D724A100EE2CF3 /* Assets.xcassets in Resources */ = {isa = PBXBuildFile; fileRef = 1625C55325D724A100EE2CF3 /* Assets.xcassets */; };
		1687B0C526894F8000AAE708 /* HaplarUI in Frameworks */ = {isa = PBXBuildFile; productRef = 1687B0C426894F8000AAE708 /* HaplarUI */; };
		FD632AF925FA928300372C97 /* MedicinesScheduleView.swift in Sources */ = {isa = PBXBuildFile; fileRef = FD632AF425FA928300372C97 /* MedicinesScheduleView.swift */; };
		FD632AFA25FA928300372C97 /* EmptyMedicinesScheduleView.swift in Sources */ = {isa = PBXBuildFile; fileRef = FD632AF525FA928300372C97 /* EmptyMedicinesScheduleView.swift */; };
		FD632AFB25FA928300372C97 /* HLDayView.swift in Sources */ = {isa = PBXBuildFile; fileRef = FD632AF625FA928300372C97 /* HLDayView.swift */; };
		FD632AFC25FA928300372C97 /* EmptyMedicinesSceduleView.swift in Sources */ = {isa = PBXBuildFile; fileRef = FD632AF725FA928300372C97 /* EmptyMedicinesSceduleView.swift */; };
		FD632AFD25FA928300372C97 /* HLDaysListView.swift in Sources */ = {isa = PBXBuildFile; fileRef = FD632AF825FA928300372C97 /* HLDaysListView.swift */; };
		FD632B0525FA928D00372C97 /* HomeView.swift in Sources */ = {isa = PBXBuildFile; fileRef = FD632B0425FA928D00372C97 /* HomeView.swift */; };
		FD96F63225FFDC7F003E8780 /* MedicineShceduleModel.swift in Sources */ = {isa = PBXBuildFile; fileRef = FD96F63125FFDC7F003E8780 /* MedicineShceduleModel.swift */; };
		FD96F63D25FFDDB5003E8780 /* MedicineShceduleModelTests.swift in Sources */ = {isa = PBXBuildFile; fileRef = FD96F63C25FFDDB5003E8780 /* MedicineShceduleModelTests.swift */; };
		FDA7AEFA25FBBB69007B7B7E /* HomeShimmerView.swift in Sources */ = {isa = PBXBuildFile; fileRef = FDA7AEF925FBBB69007B7B7E /* HomeShimmerView.swift */; };
		FDA7AF0225FBBD4F007B7B7E /* ShimmerView.swift in Sources */ = {isa = PBXBuildFile; fileRef = FDA7AF0125FBBD4F007B7B7E /* ShimmerView.swift */; };
		FDB2E67F25F4039C0091C3A5 /* Localizable.strings in Resources */ = {isa = PBXBuildFile; fileRef = FDB2E67E25F4039C0091C3A5 /* Localizable.strings */; };
		FDF3E54E25F7EBEA003FAFAC /* HomeViewModel.swift in Sources */ = {isa = PBXBuildFile; fileRef = FDF3E54D25F7EBEA003FAFAC /* HomeViewModel.swift */; };
		FDF76C1225F7F3FA00B84394 /* HLDayModel.swift in Sources */ = {isa = PBXBuildFile; fileRef = FDF76C1125F7F3FA00B84394 /* HLDayModel.swift */; };
		FDFB62D525E32119006FDDB7 /* SettingsView.swift in Sources */ = {isa = PBXBuildFile; fileRef = FDFB62CA25E32119006FDDB7 /* SettingsView.swift */; };
		FDFB62D825E32119006FDDB7 /* AddDrugView.swift in Sources */ = {isa = PBXBuildFile; fileRef = FDFB62CF25E32119006FDDB7 /* AddDrugView.swift */; };
		FDFB62D925E32119006FDDB7 /* HaplarApp.swift in Sources */ = {isa = PBXBuildFile; fileRef = FDFB62D325E32119006FDDB7 /* HaplarApp.swift */; };
		FDFB62DA25E32119006FDDB7 /* ContentView.swift in Sources */ = {isa = PBXBuildFile; fileRef = FDFB62D425E32119006FDDB7 /* ContentView.swift */; };
		FDFB62E825E321C2006FDDB7 /* DateExtension.swift in Sources */ = {isa = PBXBuildFile; fileRef = FDFB62E725E321C2006FDDB7 /* DateExtension.swift */; };
		FDFB62F925E32233006FDDB7 /* ColorExtension.swift in Sources */ = {isa = PBXBuildFile; fileRef = FDFB62F825E32233006FDDB7 /* ColorExtension.swift */; };
/* End PBXBuildFile section */

/* Begin PBXContainerItemProxy section */
		161B78AF25D322A3007E21B6 /* PBXContainerItemProxy */ = {
			isa = PBXContainerItemProxy;
			containerPortal = 161B789525D322A0007E21B6 /* Project object */;
			proxyType = 1;
			remoteGlobalIDString = 161B789C25D322A0007E21B6;
			remoteInfo = Haplar;
		};
		161B78BA25D322A3007E21B6 /* PBXContainerItemProxy */ = {
			isa = PBXContainerItemProxy;
			containerPortal = 161B789525D322A0007E21B6 /* Project object */;
			proxyType = 1;
			remoteGlobalIDString = 161B789C25D322A0007E21B6;
			remoteInfo = Haplar;
		};
/* End PBXContainerItemProxy section */

/* Begin PBXFileReference section */
		161B789D25D322A0007E21B6 /* Haplar.app */ = {isa = PBXFileReference; explicitFileType = wrapper.application; includeInIndex = 0; path = Haplar.app; sourceTree = BUILT_PRODUCTS_DIR; };
		161B78A725D322A3007E21B6 /* Preview Assets.xcassets */ = {isa = PBXFileReference; lastKnownFileType = folder.assetcatalog; path = "Preview Assets.xcassets"; sourceTree = "<group>"; };
		161B78AE25D322A3007E21B6 /* HaplarTests.xctest */ = {isa = PBXFileReference; explicitFileType = wrapper.cfbundle; includeInIndex = 0; path = HaplarTests.xctest; sourceTree = BUILT_PRODUCTS_DIR; };
		161B78B425D322A3007E21B6 /* Info.plist */ = {isa = PBXFileReference; lastKnownFileType = text.plist.xml; path = Info.plist; sourceTree = "<group>"; };
		161B78B925D322A3007E21B6 /* HaplarUITests.xctest */ = {isa = PBXFileReference; explicitFileType = wrapper.cfbundle; includeInIndex = 0; path = HaplarUITests.xctest; sourceTree = BUILT_PRODUCTS_DIR; };
		161B78BD25D322A3007E21B6 /* HaplarUITests.swift */ = {isa = PBXFileReference; lastKnownFileType = sourcecode.swift; path = HaplarUITests.swift; sourceTree = "<group>"; };
		161B78BF25D322A3007E21B6 /* Info.plist */ = {isa = PBXFileReference; lastKnownFileType = text.plist.xml; path = Info.plist; sourceTree = "<group>"; };
		1625C55325D724A100EE2CF3 /* Assets.xcassets */ = {isa = PBXFileReference; lastKnownFileType = folder.assetcatalog; path = Assets.xcassets; sourceTree = "<group>"; };
		1625C56025D724C000EE2CF3 /* Info.plist */ = {isa = PBXFileReference; fileEncoding = 4; lastKnownFileType = text.plist.xml; path = Info.plist; sourceTree = "<group>"; };
		FD632AF425FA928300372C97 /* MedicinesScheduleView.swift */ = {isa = PBXFileReference; fileEncoding = 4; lastKnownFileType = sourcecode.swift; path = MedicinesScheduleView.swift; sourceTree = "<group>"; };
		FD632AF525FA928300372C97 /* EmptyMedicinesScheduleView.swift */ = {isa = PBXFileReference; fileEncoding = 4; lastKnownFileType = sourcecode.swift; path = EmptyMedicinesScheduleView.swift; sourceTree = "<group>"; };
		FD632AF625FA928300372C97 /* HLDayView.swift */ = {isa = PBXFileReference; fileEncoding = 4; lastKnownFileType = sourcecode.swift; path = HLDayView.swift; sourceTree = "<group>"; };
		FD632AF725FA928300372C97 /* EmptyMedicinesSceduleView.swift */ = {isa = PBXFileReference; fileEncoding = 4; lastKnownFileType = sourcecode.swift; path = EmptyMedicinesSceduleView.swift; sourceTree = "<group>"; };
		FD632AF825FA928300372C97 /* HLDaysListView.swift */ = {isa = PBXFileReference; fileEncoding = 4; lastKnownFileType = sourcecode.swift; path = HLDaysListView.swift; sourceTree = "<group>"; };
		FD632B0425FA928D00372C97 /* HomeView.swift */ = {isa = PBXFileReference; fileEncoding = 4; lastKnownFileType = sourcecode.swift; path = HomeView.swift; sourceTree = "<group>"; };
		FD96F63125FFDC7F003E8780 /* MedicineShceduleModel.swift */ = {isa = PBXFileReference; lastKnownFileType = sourcecode.swift; path = MedicineShceduleModel.swift; sourceTree = "<group>"; };
		FD96F63B25FFDDB5003E8780 /* HaplarTests-Bridging-Header.h */ = {isa = PBXFileReference; lastKnownFileType = sourcecode.c.h; path = "HaplarTests-Bridging-Header.h"; sourceTree = "<group>"; };
		FD96F63C25FFDDB5003E8780 /* MedicineShceduleModelTests.swift */ = {isa = PBXFileReference; lastKnownFileType = sourcecode.swift; path = MedicineShceduleModelTests.swift; sourceTree = "<group>"; };
		FDA7AEF925FBBB69007B7B7E /* HomeShimmerView.swift */ = {isa = PBXFileReference; lastKnownFileType = sourcecode.swift; path = HomeShimmerView.swift; sourceTree = "<group>"; };
		FDA7AF0125FBBD4F007B7B7E /* ShimmerView.swift */ = {isa = PBXFileReference; lastKnownFileType = sourcecode.swift; path = ShimmerView.swift; sourceTree = "<group>"; };
		FDB2E67E25F4039C0091C3A5 /* Localizable.strings */ = {isa = PBXFileReference; lastKnownFileType = text.plist.strings; path = Localizable.strings; sourceTree = "<group>"; };
		FDF3E54D25F7EBEA003FAFAC /* HomeViewModel.swift */ = {isa = PBXFileReference; lastKnownFileType = sourcecode.swift; path = HomeViewModel.swift; sourceTree = "<group>"; };
		FDF76C1125F7F3FA00B84394 /* HLDayModel.swift */ = {isa = PBXFileReference; lastKnownFileType = sourcecode.swift; path = HLDayModel.swift; sourceTree = "<group>"; };
		FDFB62CA25E32119006FDDB7 /* SettingsView.swift */ = {isa = PBXFileReference; fileEncoding = 4; lastKnownFileType = sourcecode.swift; path = SettingsView.swift; sourceTree = "<group>"; };
		FDFB62CF25E32119006FDDB7 /* AddDrugView.swift */ = {isa = PBXFileReference; fileEncoding = 4; lastKnownFileType = sourcecode.swift; path = AddDrugView.swift; sourceTree = "<group>"; };
		FDFB62D325E32119006FDDB7 /* HaplarApp.swift */ = {isa = PBXFileReference; fileEncoding = 4; lastKnownFileType = sourcecode.swift; path = HaplarApp.swift; sourceTree = "<group>"; };
		FDFB62D425E32119006FDDB7 /* ContentView.swift */ = {isa = PBXFileReference; fileEncoding = 4; lastKnownFileType = sourcecode.swift; path = ContentView.swift; sourceTree = "<group>"; };
		FDFB62E725E321C2006FDDB7 /* DateExtension.swift */ = {isa = PBXFileReference; lastKnownFileType = sourcecode.swift; path = DateExtension.swift; sourceTree = "<group>"; };
		FDFB62F825E32233006FDDB7 /* ColorExtension.swift */ = {isa = PBXFileReference; lastKnownFileType = sourcecode.swift; path = ColorExtension.swift; sourceTree = "<group>"; };
/* End PBXFileReference section */

/* Begin PBXFrameworksBuildPhase section */
		161B789A25D322A0007E21B6 /* Frameworks */ = {
			isa = PBXFrameworksBuildPhase;
			buildActionMask = 2147483647;
			files = (
				1687B0C526894F8000AAE708 /* HaplarUI in Frameworks */,
			);
			runOnlyForDeploymentPostprocessing = 0;
		};
		161B78AB25D322A3007E21B6 /* Frameworks */ = {
			isa = PBXFrameworksBuildPhase;
			buildActionMask = 2147483647;
			files = (
			);
			runOnlyForDeploymentPostprocessing = 0;
		};
		161B78B625D322A3007E21B6 /* Frameworks */ = {
			isa = PBXFrameworksBuildPhase;
			buildActionMask = 2147483647;
			files = (
			);
			runOnlyForDeploymentPostprocessing = 0;
		};
/* End PBXFrameworksBuildPhase section */

/* Begin PBXGroup section */
		161B789425D322A0007E21B6 = {
			isa = PBXGroup;
			children = (
				161B789F25D322A0007E21B6 /* Haplar */,
				161B78B125D322A3007E21B6 /* HaplarTests */,
				161B78BC25D322A3007E21B6 /* HaplarUITests */,
				161B789E25D322A0007E21B6 /* Products */,
			);
			sourceTree = "<group>";
		};
		161B789E25D322A0007E21B6 /* Products */ = {
			isa = PBXGroup;
			children = (
				161B789D25D322A0007E21B6 /* Haplar.app */,
				161B78AE25D322A3007E21B6 /* HaplarTests.xctest */,
				161B78B925D322A3007E21B6 /* HaplarUITests.xctest */,
			);
			name = Products;
			sourceTree = "<group>";
		};
		161B789F25D322A0007E21B6 /* Haplar */ = {
			isa = PBXGroup;
			children = (
				FDFB62C725E32119006FDDB7 /* Application */,
				1625C55F25D724C000EE2CF3 /* Config */,
				161B78A625D322A3007E21B6 /* Preview Content */,
			);
			path = Haplar;
			sourceTree = "<group>";
		};
		161B78A625D322A3007E21B6 /* Preview Content */ = {
			isa = PBXGroup;
			children = (
				161B78A725D322A3007E21B6 /* Preview Assets.xcassets */,
			);
			path = "Preview Content";
			sourceTree = "<group>";
		};
		161B78B125D322A3007E21B6 /* HaplarTests */ = {
			isa = PBXGroup;
			children = (
				FD96F63625FFDCC0003E8780 /* Home */,
				161B78B425D322A3007E21B6 /* Info.plist */,
			);
			path = HaplarTests;
			sourceTree = "<group>";
		};
		161B78BC25D322A3007E21B6 /* HaplarUITests */ = {
			isa = PBXGroup;
			children = (
				161B78BD25D322A3007E21B6 /* HaplarUITests.swift */,
				161B78BF25D322A3007E21B6 /* Info.plist */,
			);
			path = HaplarUITests;
			sourceTree = "<group>";
		};
		1625C55F25D724C000EE2CF3 /* Config */ = {
			isa = PBXGroup;
			children = (
				1625C55325D724A100EE2CF3 /* Assets.xcassets */,
				1625C56025D724C000EE2CF3 /* Info.plist */,
				FDB2E67E25F4039C0091C3A5 /* Localizable.strings */,
			);
			path = Config;
			sourceTree = "<group>";
		};
		FD632AE925FA910700372C97 /* Screens */ = {
			isa = PBXGroup;
			children = (
				FD632B0425FA928D00372C97 /* HomeView.swift */,
			);
			path = Screens;
			sourceTree = "<group>";
		};
		FD632AF325FA928300372C97 /* Components */ = {
			isa = PBXGroup;
			children = (
				FD632AF425FA928300372C97 /* MedicinesScheduleView.swift */,
				FD632AF525FA928300372C97 /* EmptyMedicinesScheduleView.swift */,
				FD632AF625FA928300372C97 /* HLDayView.swift */,
				FD632AF725FA928300372C97 /* EmptyMedicinesSceduleView.swift */,
				FD632AF825FA928300372C97 /* HLDaysListView.swift */,
				FDA7AEF925FBBB69007B7B7E /* HomeShimmerView.swift */,
			);
			path = Components;
			sourceTree = "<group>";
		};
		FD96F63625FFDCC0003E8780 /* Home */ = {
			isa = PBXGroup;
			children = (
				FD96F63725FFDCD2003E8780 /* Model */,
			);
			path = Home;
			sourceTree = "<group>";
		};
		FD96F63725FFDCD2003E8780 /* Model */ = {
			isa = PBXGroup;
			children = (
				FD96F63C25FFDDB5003E8780 /* MedicineShceduleModelTests.swift */,
				FD96F63B25FFDDB5003E8780 /* HaplarTests-Bridging-Header.h */,
			);
			path = Model;
			sourceTree = "<group>";
		};
		FDA7AEF825FBBB44007B7B7E /* Views */ = {
			isa = PBXGroup;
			children = (
				FDA7AF0125FBBD4F007B7B7E /* ShimmerView.swift */,
			);
			path = Views;
			sourceTree = "<group>";
		};
		FDF3E54C25F7EBD5003FAFAC /* ViewModel */ = {
			isa = PBXGroup;
			children = (
				FDF3E54D25F7EBEA003FAFAC /* HomeViewModel.swift */,
			);
			path = ViewModel;
			sourceTree = "<group>";
		};
		FDF3E55625F7EC29003FAFAC /* Views */ = {
			isa = PBXGroup;
			children = (
				FD632AE925FA910700372C97 /* Screens */,
				FD632AF325FA928300372C97 /* Components */,
			);
			path = Views;
			sourceTree = "<group>";
		};
		FDF76C1025F7F3EA00B84394 /* Model */ = {
			isa = PBXGroup;
			children = (
				FDF76C1125F7F3FA00B84394 /* HLDayModel.swift */,
				FD96F63125FFDC7F003E8780 /* MedicineShceduleModel.swift */,
			);
			path = Model;
			sourceTree = "<group>";
		};
		FDFB62C725E32119006FDDB7 /* Application */ = {
			isa = PBXGroup;
			children = (
				FDFB62D225E32119006FDDB7 /* Main */,
				FDFB62C825E32119006FDDB7 /* Features */,
				FDFB62D025E32119006FDDB7 /* Common */,
			);
			path = Application;
			sourceTree = "<group>";
		};
		FDFB62C825E32119006FDDB7 /* Features */ = {
			isa = PBXGroup;
			children = (
				FDFB62CB25E32119006FDDB7 /* Home */,
				FDFB62C925E32119006FDDB7 /* Settings */,
				FDFB62CE25E32119006FDDB7 /* AddDrug */,
			);
			path = Features;
			sourceTree = "<group>";
		};
		FDFB62C925E32119006FDDB7 /* Settings */ = {
			isa = PBXGroup;
			children = (
				FDFB62CA25E32119006FDDB7 /* SettingsView.swift */,
			);
			path = Settings;
			sourceTree = "<group>";
		};
		FDFB62CB25E32119006FDDB7 /* Home */ = {
			isa = PBXGroup;
			children = (
				FDF76C1025F7F3EA00B84394 /* Model */,
				FDF3E55625F7EC29003FAFAC /* Views */,
				FDF3E54C25F7EBD5003FAFAC /* ViewModel */,
			);
			path = Home;
			sourceTree = "<group>";
		};
		FDFB62CE25E32119006FDDB7 /* AddDrug */ = {
			isa = PBXGroup;
			children = (
				FDFB62CF25E32119006FDDB7 /* AddDrugView.swift */,
			);
			path = AddDrug;
			sourceTree = "<group>";
		};
		FDFB62D025E32119006FDDB7 /* Common */ = {
			isa = PBXGroup;
			children = (
				FDA7AEF825FBBB44007B7B7E /* Views */,
				FDFB62D125E32119006FDDB7 /* Extensions */,
			);
			path = Common;
			sourceTree = "<group>";
		};
		FDFB62D125E32119006FDDB7 /* Extensions */ = {
			isa = PBXGroup;
			children = (
				FDFB62E725E321C2006FDDB7 /* DateExtension.swift */,
				FDFB62F825E32233006FDDB7 /* ColorExtension.swift */,
			);
			path = Extensions;
			sourceTree = "<group>";
		};
		FDFB62D225E32119006FDDB7 /* Main */ = {
			isa = PBXGroup;
			children = (
				FDFB62D325E32119006FDDB7 /* HaplarApp.swift */,
				FDFB62D425E32119006FDDB7 /* ContentView.swift */,
			);
			path = Main;
			sourceTree = "<group>";
		};
/* End PBXGroup section */

/* Begin PBXNativeTarget section */
		161B789C25D322A0007E21B6 /* Haplar */ = {
			isa = PBXNativeTarget;
			buildConfigurationList = 161B78C225D322A3007E21B6 /* Build configuration list for PBXNativeTarget "Haplar" */;
			buildPhases = (
				161B789925D322A0007E21B6 /* Sources */,
				161B789A25D322A0007E21B6 /* Frameworks */,
				161B789B25D322A0007E21B6 /* Resources */,
			);
			buildRules = (
			);
			dependencies = (
			);
			name = Haplar;
			packageProductDependencies = (
				1687B0C426894F8000AAE708 /* HaplarUI */,
			);
			productName = Haplar;
			productReference = 161B789D25D322A0007E21B6 /* Haplar.app */;
			productType = "com.apple.product-type.application";
		};
		161B78AD25D322A3007E21B6 /* HaplarTests */ = {
			isa = PBXNativeTarget;
			buildConfigurationList = 161B78C525D322A3007E21B6 /* Build configuration list for PBXNativeTarget "HaplarTests" */;
			buildPhases = (
				161B78AA25D322A3007E21B6 /* Sources */,
				161B78AB25D322A3007E21B6 /* Frameworks */,
				161B78AC25D322A3007E21B6 /* Resources */,
			);
			buildRules = (
			);
			dependencies = (
				161B78B025D322A3007E21B6 /* PBXTargetDependency */,
			);
			name = HaplarTests;
			productName = HaplarTests;
			productReference = 161B78AE25D322A3007E21B6 /* HaplarTests.xctest */;
			productType = "com.apple.product-type.bundle.unit-test";
		};
		161B78B825D322A3007E21B6 /* HaplarUITests */ = {
			isa = PBXNativeTarget;
			buildConfigurationList = 161B78C825D322A3007E21B6 /* Build configuration list for PBXNativeTarget "HaplarUITests" */;
			buildPhases = (
				161B78B525D322A3007E21B6 /* Sources */,
				161B78B625D322A3007E21B6 /* Frameworks */,
				161B78B725D322A3007E21B6 /* Resources */,
			);
			buildRules = (
			);
			dependencies = (
				161B78BB25D322A3007E21B6 /* PBXTargetDependency */,
			);
			name = HaplarUITests;
			productName = HaplarUITests;
			productReference = 161B78B925D322A3007E21B6 /* HaplarUITests.xctest */;
			productType = "com.apple.product-type.bundle.ui-testing";
		};
/* End PBXNativeTarget section */

/* Begin PBXProject section */
		161B789525D322A0007E21B6 /* Project object */ = {
			isa = PBXProject;
			attributes = {
				LastSwiftUpdateCheck = 1240;
				LastUpgradeCheck = 1240;
				TargetAttributes = {
					161B789C25D322A0007E21B6 = {
						CreatedOnToolsVersion = 12.4;
					};
					161B78AD25D322A3007E21B6 = {
						CreatedOnToolsVersion = 12.4;
						LastSwiftMigration = 1240;
						TestTargetID = 161B789C25D322A0007E21B6;
					};
					161B78B825D322A3007E21B6 = {
						CreatedOnToolsVersion = 12.4;
						TestTargetID = 161B789C25D322A0007E21B6;
					};
				};
			};
			buildConfigurationList = 161B789825D322A0007E21B6 /* Build configuration list for PBXProject "Haplar" */;
			compatibilityVersion = "Xcode 9.3";
			developmentRegion = en;
			hasScannedForEncodings = 0;
			knownRegions = (
				en,
				Base,
			);
			mainGroup = 161B789425D322A0007E21B6;
			packageReferences = (
				1687B0C326894F8000AAE708 /* XCRemoteSwiftPackageReference "HaplarUI" */,
			);
			productRefGroup = 161B789E25D322A0007E21B6 /* Products */;
			projectDirPath = "";
			projectRoot = "";
			targets = (
				161B789C25D322A0007E21B6 /* Haplar */,
				161B78AD25D322A3007E21B6 /* HaplarTests */,
				161B78B825D322A3007E21B6 /* HaplarUITests */,
			);
		};
/* End PBXProject section */

/* Begin PBXResourcesBuildPhase section */
		161B789B25D322A0007E21B6 /* Resources */ = {
			isa = PBXResourcesBuildPhase;
			buildActionMask = 2147483647;
			files = (
				161B78A825D322A3007E21B6 /* Preview Assets.xcassets in Resources */,
				FDB2E67F25F4039C0091C3A5 /* Localizable.strings in Resources */,
				1625C55625D724A100EE2CF3 /* Assets.xcassets in Resources */,
			);
			runOnlyForDeploymentPostprocessing = 0;
		};
		161B78AC25D322A3007E21B6 /* Resources */ = {
			isa = PBXResourcesBuildPhase;
			buildActionMask = 2147483647;
			files = (
			);
			runOnlyForDeploymentPostprocessing = 0;
		};
		161B78B725D322A3007E21B6 /* Resources */ = {
			isa = PBXResourcesBuildPhase;
			buildActionMask = 2147483647;
			files = (
			);
			runOnlyForDeploymentPostprocessing = 0;
		};
/* End PBXResourcesBuildPhase section */

/* Begin PBXSourcesBuildPhase section */
		161B789925D322A0007E21B6 /* Sources */ = {
			isa = PBXSourcesBuildPhase;
			buildActionMask = 2147483647;
			files = (
				FDFB62D925E32119006FDDB7 /* HaplarApp.swift in Sources */,
				FD632B0525FA928D00372C97 /* HomeView.swift in Sources */,
				FDF3E54E25F7EBEA003FAFAC /* HomeViewModel.swift in Sources */,
				FD632AFC25FA928300372C97 /* EmptyMedicinesSceduleView.swift in Sources */,
				FD632AFD25FA928300372C97 /* HLDaysListView.swift in Sources */,
				FDFB62E825E321C2006FDDB7 /* DateExtension.swift in Sources */,
				FDF76C1225F7F3FA00B84394 /* HLDayModel.swift in Sources */,
				FD632AF925FA928300372C97 /* MedicinesScheduleView.swift in Sources */,
				FD96F63225FFDC7F003E8780 /* MedicineShceduleModel.swift in Sources */,
				FDFB62F925E32233006FDDB7 /* ColorExtension.swift in Sources */,
				FDA7AEFA25FBBB69007B7B7E /* HomeShimmerView.swift in Sources */,
				FD632AFA25FA928300372C97 /* EmptyMedicinesScheduleView.swift in Sources */,
				FDFB62DA25E32119006FDDB7 /* ContentView.swift in Sources */,
				FDA7AF0225FBBD4F007B7B7E /* ShimmerView.swift in Sources */,
				FDFB62D525E32119006FDDB7 /* SettingsView.swift in Sources */,
				FDFB62D825E32119006FDDB7 /* AddDrugView.swift in Sources */,
				FD632AFB25FA928300372C97 /* HLDayView.swift in Sources */,
			);
			runOnlyForDeploymentPostprocessing = 0;
		};
		161B78AA25D322A3007E21B6 /* Sources */ = {
			isa = PBXSourcesBuildPhase;
			buildActionMask = 2147483647;
			files = (
				FD96F63D25FFDDB5003E8780 /* MedicineShceduleModelTests.swift in Sources */,
			);
			runOnlyForDeploymentPostprocessing = 0;
		};
		161B78B525D322A3007E21B6 /* Sources */ = {
			isa = PBXSourcesBuildPhase;
			buildActionMask = 2147483647;
			files = (
				161B78BE25D322A3007E21B6 /* HaplarUITests.swift in Sources */,
			);
			runOnlyForDeploymentPostprocessing = 0;
		};
/* End PBXSourcesBuildPhase section */

/* Begin PBXTargetDependency section */
		161B78B025D322A3007E21B6 /* PBXTargetDependency */ = {
			isa = PBXTargetDependency;
			target = 161B789C25D322A0007E21B6 /* Haplar */;
			targetProxy = 161B78AF25D322A3007E21B6 /* PBXContainerItemProxy */;
		};
		161B78BB25D322A3007E21B6 /* PBXTargetDependency */ = {
			isa = PBXTargetDependency;
			target = 161B789C25D322A0007E21B6 /* Haplar */;
			targetProxy = 161B78BA25D322A3007E21B6 /* PBXContainerItemProxy */;
		};
/* End PBXTargetDependency section */

/* Begin XCBuildConfiguration section */
		161B78C025D322A3007E21B6 /* Debug */ = {
			isa = XCBuildConfiguration;
			buildSettings = {
				ALWAYS_SEARCH_USER_PATHS = NO;
				CLANG_ANALYZER_NONNULL = YES;
				CLANG_ANALYZER_NUMBER_OBJECT_CONVERSION = YES_AGGRESSIVE;
				CLANG_CXX_LANGUAGE_STANDARD = "gnu++14";
				CLANG_CXX_LIBRARY = "libc++";
				CLANG_ENABLE_MODULES = YES;
				CLANG_ENABLE_OBJC_ARC = YES;
				CLANG_ENABLE_OBJC_WEAK = YES;
				CLANG_WARN_BLOCK_CAPTURE_AUTORELEASING = YES;
				CLANG_WARN_BOOL_CONVERSION = YES;
				CLANG_WARN_COMMA = YES;
				CLANG_WARN_CONSTANT_CONVERSION = YES;
				CLANG_WARN_DEPRECATED_OBJC_IMPLEMENTATIONS = YES;
				CLANG_WARN_DIRECT_OBJC_ISA_USAGE = YES_ERROR;
				CLANG_WARN_DOCUMENTATION_COMMENTS = YES;
				CLANG_WARN_EMPTY_BODY = YES;
				CLANG_WARN_ENUM_CONVERSION = YES;
				CLANG_WARN_INFINITE_RECURSION = YES;
				CLANG_WARN_INT_CONVERSION = YES;
				CLANG_WARN_NON_LITERAL_NULL_CONVERSION = YES;
				CLANG_WARN_OBJC_IMPLICIT_RETAIN_SELF = YES;
				CLANG_WARN_OBJC_LITERAL_CONVERSION = YES;
				CLANG_WARN_OBJC_ROOT_CLASS = YES_ERROR;
				CLANG_WARN_QUOTED_INCLUDE_IN_FRAMEWORK_HEADER = YES;
				CLANG_WARN_RANGE_LOOP_ANALYSIS = YES;
				CLANG_WARN_STRICT_PROTOTYPES = YES;
				CLANG_WARN_SUSPICIOUS_MOVE = YES;
				CLANG_WARN_UNGUARDED_AVAILABILITY = YES_AGGRESSIVE;
				CLANG_WARN_UNREACHABLE_CODE = YES;
				CLANG_WARN__DUPLICATE_METHOD_MATCH = YES;
				COPY_PHASE_STRIP = NO;
				DEBUG_INFORMATION_FORMAT = dwarf;
				ENABLE_STRICT_OBJC_MSGSEND = YES;
				ENABLE_TESTABILITY = YES;
				GCC_C_LANGUAGE_STANDARD = gnu11;
				GCC_DYNAMIC_NO_PIC = NO;
				GCC_NO_COMMON_BLOCKS = YES;
				GCC_OPTIMIZATION_LEVEL = 0;
				GCC_PREPROCESSOR_DEFINITIONS = (
					"DEBUG=1",
					"$(inherited)",
				);
				GCC_WARN_64_TO_32_BIT_CONVERSION = YES;
				GCC_WARN_ABOUT_RETURN_TYPE = YES_ERROR;
				GCC_WARN_UNDECLARED_SELECTOR = YES;
				GCC_WARN_UNINITIALIZED_AUTOS = YES_AGGRESSIVE;
				GCC_WARN_UNUSED_FUNCTION = YES;
				GCC_WARN_UNUSED_VARIABLE = YES;
				IPHONEOS_DEPLOYMENT_TARGET = 15.0;
				MTL_ENABLE_DEBUG_INFO = INCLUDE_SOURCE;
				MTL_FAST_MATH = YES;
				ONLY_ACTIVE_ARCH = YES;
				SDKROOT = iphoneos;
				SWIFT_ACTIVE_COMPILATION_CONDITIONS = DEBUG;
				SWIFT_OPTIMIZATION_LEVEL = "-Onone";
			};
			name = Debug;
		};
		161B78C125D322A3007E21B6 /* Release */ = {
			isa = XCBuildConfiguration;
			buildSettings = {
				ALWAYS_SEARCH_USER_PATHS = NO;
				CLANG_ANALYZER_NONNULL = YES;
				CLANG_ANALYZER_NUMBER_OBJECT_CONVERSION = YES_AGGRESSIVE;
				CLANG_CXX_LANGUAGE_STANDARD = "gnu++14";
				CLANG_CXX_LIBRARY = "libc++";
				CLANG_ENABLE_MODULES = YES;
				CLANG_ENABLE_OBJC_ARC = YES;
				CLANG_ENABLE_OBJC_WEAK = YES;
				CLANG_WARN_BLOCK_CAPTURE_AUTORELEASING = YES;
				CLANG_WARN_BOOL_CONVERSION = YES;
				CLANG_WARN_COMMA = YES;
				CLANG_WARN_CONSTANT_CONVERSION = YES;
				CLANG_WARN_DEPRECATED_OBJC_IMPLEMENTATIONS = YES;
				CLANG_WARN_DIRECT_OBJC_ISA_USAGE = YES_ERROR;
				CLANG_WARN_DOCUMENTATION_COMMENTS = YES;
				CLANG_WARN_EMPTY_BODY = YES;
				CLANG_WARN_ENUM_CONVERSION = YES;
				CLANG_WARN_INFINITE_RECURSION = YES;
				CLANG_WARN_INT_CONVERSION = YES;
				CLANG_WARN_NON_LITERAL_NULL_CONVERSION = YES;
				CLANG_WARN_OBJC_IMPLICIT_RETAIN_SELF = YES;
				CLANG_WARN_OBJC_LITERAL_CONVERSION = YES;
				CLANG_WARN_OBJC_ROOT_CLASS = YES_ERROR;
				CLANG_WARN_QUOTED_INCLUDE_IN_FRAMEWORK_HEADER = YES;
				CLANG_WARN_RANGE_LOOP_ANALYSIS = YES;
				CLANG_WARN_STRICT_PROTOTYPES = YES;
				CLANG_WARN_SUSPICIOUS_MOVE = YES;
				CLANG_WARN_UNGUARDED_AVAILABILITY = YES_AGGRESSIVE;
				CLANG_WARN_UNREACHABLE_CODE = YES;
				CLANG_WARN__DUPLICATE_METHOD_MATCH = YES;
				COPY_PHASE_STRIP = NO;
				DEBUG_INFORMATION_FORMAT = "dwarf-with-dsym";
				ENABLE_NS_ASSERTIONS = NO;
				ENABLE_STRICT_OBJC_MSGSEND = YES;
				GCC_C_LANGUAGE_STANDARD = gnu11;
				GCC_NO_COMMON_BLOCKS = YES;
				GCC_WARN_64_TO_32_BIT_CONVERSION = YES;
				GCC_WARN_ABOUT_RETURN_TYPE = YES_ERROR;
				GCC_WARN_UNDECLARED_SELECTOR = YES;
				GCC_WARN_UNINITIALIZED_AUTOS = YES_AGGRESSIVE;
				GCC_WARN_UNUSED_FUNCTION = YES;
				GCC_WARN_UNUSED_VARIABLE = YES;
				IPHONEOS_DEPLOYMENT_TARGET = 15.0;
				MTL_ENABLE_DEBUG_INFO = NO;
				MTL_FAST_MATH = YES;
				SDKROOT = iphoneos;
				SWIFT_COMPILATION_MODE = wholemodule;
				SWIFT_OPTIMIZATION_LEVEL = "-O";
				VALIDATE_PRODUCT = YES;
			};
			name = Release;
		};
		161B78C325D322A3007E21B6 /* Debug */ = {
			isa = XCBuildConfiguration;
			buildSettings = {
				ASSETCATALOG_COMPILER_APPICON_NAME = AppIcon;
				ASSETCATALOG_COMPILER_GLOBAL_ACCENT_COLOR_NAME = AccentColor;
				CODE_SIGN_STYLE = Automatic;
				DEVELOPMENT_ASSET_PATHS = "\"Haplar/Preview Content\"";
				DEVELOPMENT_TEAM = QN66UQNDZR;
				ENABLE_PREVIEWS = YES;
				INFOPLIST_FILE = "$(SRCROOT)/Haplar/Config/Info.plist";
				IPHONEOS_DEPLOYMENT_TARGET = 15.0;
				LD_RUNPATH_SEARCH_PATHS = (
					"$(inherited)",
					"@executable_path/Frameworks",
				);
				MARKETING_VERSION = 1.0.0;
				PRODUCT_BUNDLE_IDENTIFIER = com.tadev.Haplar;
				PRODUCT_NAME = "$(TARGET_NAME)";
				SWIFT_VERSION = 5.0;
				TARGETED_DEVICE_FAMILY = "1,2";
			};
			name = Debug;
		};
		161B78C425D322A3007E21B6 /* Release */ = {
			isa = XCBuildConfiguration;
			buildSettings = {
				ASSETCATALOG_COMPILER_APPICON_NAME = AppIcon;
				ASSETCATALOG_COMPILER_GLOBAL_ACCENT_COLOR_NAME = AccentColor;
				CODE_SIGN_STYLE = Automatic;
				DEVELOPMENT_ASSET_PATHS = "\"Haplar/Preview Content\"";
				DEVELOPMENT_TEAM = QN66UQNDZR;
				ENABLE_PREVIEWS = YES;
				INFOPLIST_FILE = "$(SRCROOT)/Haplar/Config/Info.plist";
				IPHONEOS_DEPLOYMENT_TARGET = 15.0;
				LD_RUNPATH_SEARCH_PATHS = (
					"$(inherited)",
					"@executable_path/Frameworks",
				);
				MARKETING_VERSION = 1.0.0;
				PRODUCT_BUNDLE_IDENTIFIER = com.tadev.Haplar;
				PRODUCT_NAME = "$(TARGET_NAME)";
				SWIFT_VERSION = 5.0;
				TARGETED_DEVICE_FAMILY = "1,2";
			};
			name = Release;
		};
		161B78C625D322A3007E21B6 /* Debug */ = {
			isa = XCBuildConfiguration;
			buildSettings = {
				ALWAYS_EMBED_SWIFT_STANDARD_LIBRARIES = YES;
				BUNDLE_LOADER = "$(TEST_HOST)";
				CLANG_ENABLE_MODULES = YES;
				CODE_SIGN_STYLE = Automatic;
				DEVELOPMENT_TEAM = QN66UQNDZR;
				INFOPLIST_FILE = HaplarTests/Info.plist;
				IPHONEOS_DEPLOYMENT_TARGET = 14.0;
				LD_RUNPATH_SEARCH_PATHS = (
					"$(inherited)",
					"@executable_path/Frameworks",
					"@loader_path/Frameworks",
				);
				PRODUCT_BUNDLE_IDENTIFIER = com.tadev.HaplarTests;
				PRODUCT_NAME = "$(TARGET_NAME)";
				SWIFT_OBJC_BRIDGING_HEADER = "HaplarTests/Home/Model/HaplarTests-Bridging-Header.h";
				SWIFT_OPTIMIZATION_LEVEL = "-Onone";
				SWIFT_VERSION = 5.0;
				TARGETED_DEVICE_FAMILY = "1,2";
				TEST_HOST = "$(BUILT_PRODUCTS_DIR)/Haplar.app/Haplar";
			};
			name = Debug;
		};
		161B78C725D322A3007E21B6 /* Release */ = {
			isa = XCBuildConfiguration;
			buildSettings = {
				ALWAYS_EMBED_SWIFT_STANDARD_LIBRARIES = YES;
				BUNDLE_LOADER = "$(TEST_HOST)";
				CLANG_ENABLE_MODULES = YES;
				CODE_SIGN_STYLE = Automatic;
				DEVELOPMENT_TEAM = QN66UQNDZR;
				INFOPLIST_FILE = HaplarTests/Info.plist;
				IPHONEOS_DEPLOYMENT_TARGET = 14.0;
				LD_RUNPATH_SEARCH_PATHS = (
					"$(inherited)",
					"@executable_path/Frameworks",
					"@loader_path/Frameworks",
				);
				PRODUCT_BUNDLE_IDENTIFIER = com.tadev.HaplarTests;
				PRODUCT_NAME = "$(TARGET_NAME)";
				SWIFT_OBJC_BRIDGING_HEADER = "HaplarTests/Home/Model/HaplarTests-Bridging-Header.h";
				SWIFT_VERSION = 5.0;
				TARGETED_DEVICE_FAMILY = "1,2";
				TEST_HOST = "$(BUILT_PRODUCTS_DIR)/Haplar.app/Haplar";
			};
			name = Release;
		};
		161B78C925D322A3007E21B6 /* Debug */ = {
			isa = XCBuildConfiguration;
			buildSettings = {
				ALWAYS_EMBED_SWIFT_STANDARD_LIBRARIES = YES;
				CODE_SIGN_STYLE = Automatic;
				DEVELOPMENT_TEAM = QN66UQNDZR;
				INFOPLIST_FILE = HaplarUITests/Info.plist;
				LD_RUNPATH_SEARCH_PATHS = (
					"$(inherited)",
					"@executable_path/Frameworks",
					"@loader_path/Frameworks",
				);
				PRODUCT_BUNDLE_IDENTIFIER = com.tadev.HaplarUITests;
				PRODUCT_NAME = "$(TARGET_NAME)";
				SWIFT_VERSION = 5.0;
				TARGETED_DEVICE_FAMILY = "1,2";
				TEST_TARGET_NAME = Haplar;
			};
			name = Debug;
		};
		161B78CA25D322A3007E21B6 /* Release */ = {
			isa = XCBuildConfiguration;
			buildSettings = {
				ALWAYS_EMBED_SWIFT_STANDARD_LIBRARIES = YES;
				CODE_SIGN_STYLE = Automatic;
				DEVELOPMENT_TEAM = QN66UQNDZR;
				INFOPLIST_FILE = HaplarUITests/Info.plist;
				LD_RUNPATH_SEARCH_PATHS = (
					"$(inherited)",
					"@executable_path/Frameworks",
					"@loader_path/Frameworks",
				);
				PRODUCT_BUNDLE_IDENTIFIER = com.tadev.HaplarUITests;
				PRODUCT_NAME = "$(TARGET_NAME)";
				SWIFT_VERSION = 5.0;
				TARGETED_DEVICE_FAMILY = "1,2";
				TEST_TARGET_NAME = Haplar;
			};
			name = Release;
		};
/* End XCBuildConfiguration section */

/* Begin XCConfigurationList section */
		161B789825D322A0007E21B6 /* Build configuration list for PBXProject "Haplar" */ = {
			isa = XCConfigurationList;
			buildConfigurations = (
				161B78C025D322A3007E21B6 /* Debug */,
				161B78C125D322A3007E21B6 /* Release */,
			);
			defaultConfigurationIsVisible = 0;
			defaultConfigurationName = Release;
		};
		161B78C225D322A3007E21B6 /* Build configuration list for PBXNativeTarget "Haplar" */ = {
			isa = XCConfigurationList;
			buildConfigurations = (
				161B78C325D322A3007E21B6 /* Debug */,
				161B78C425D322A3007E21B6 /* Release */,
			);
			defaultConfigurationIsVisible = 0;
			defaultConfigurationName = Release;
		};
		161B78C525D322A3007E21B6 /* Build configuration list for PBXNativeTarget "HaplarTests" */ = {
			isa = XCConfigurationList;
			buildConfigurations = (
				161B78C625D322A3007E21B6 /* Debug */,
				161B78C725D322A3007E21B6 /* Release */,
			);
			defaultConfigurationIsVisible = 0;
			defaultConfigurationName = Release;
		};
		161B78C825D322A3007E21B6 /* Build configuration list for PBXNativeTarget "HaplarUITests" */ = {
			isa = XCConfigurationList;
			buildConfigurations = (
				161B78C925D322A3007E21B6 /* Debug */,
				161B78CA25D322A3007E21B6 /* Release */,
			);
			defaultConfigurationIsVisible = 0;
			defaultConfigurationName = Release;
		};
/* End XCConfigurationList section */

/* Begin XCRemoteSwiftPackageReference section */
		1687B0C326894F8000AAE708 /* XCRemoteSwiftPackageReference "HaplarUI" */ = {
			isa = XCRemoteSwiftPackageReference;
			repositoryURL = "https://github.com/TrabelsiAchraf/HaplarUI";
			requirement = {
				kind = upToNextMajorVersion;
				minimumVersion = 0.1.6;
			};
		};
/* End XCRemoteSwiftPackageReference section */

/* Begin XCSwiftPackageProductDependency section */
		1687B0C426894F8000AAE708 /* HaplarUI */ = {
			isa = XCSwiftPackageProductDependency;
			package = 1687B0C326894F8000AAE708 /* XCRemoteSwiftPackageReference "HaplarUI" */;
			productName = HaplarUI;
		};
/* End XCSwiftPackageProductDependency section */
	};
	rootObject = 161B789525D322A0007E21B6 /* Project object */;
}
